{
  "name": "webgl-fundamentals",
  "version": "1.0.0",
  "lockfileVersion": 2,
  "requires": true,
  "packages": {
    "": {
      "name": "webgl-fundamentals",
      "version": "1.0.0",
      "license": "ISC",
      "dependencies": {
        "@unseenco/e": "^2.3.0",
        "gsap": "^3.11.5",
        "zstddec": "^0.0.2"
      }
    },
    "node_modules/@unseenco/e": {
      "version": "2.3.0",
      "resolved": "https://registry.npmjs.org/@unseenco/e/-/e-2.3.0.tgz",
      "integrity": "sha512-CAhlhyQ690oa67JnbXg8uFaRXGkZB6vtAclyBcwI8WwliNDCaRpY22k2sFX1ehcro0HMa6197K2rFYLkkdNqmA==",
      "dependencies": {
        "selector-set": "^1.1.5"
      }
    },
    "node_modules/gsap": {
      "version": "3.11.5",
      "resolved": "https://registry.npmjs.org/gsap/-/gsap-3.11.5.tgz",
      "integrity": "sha512-Q89nKCLgoX5xUjznh9LcaIUkz54k1voNucT1Rpf9SJNFIQznBwFqt5qUUQbeVInFyN/n18OUJkpeI6CNEDt74w=="
    },
    "node_modules/selector-set": {
      "version": "1.1.5",
      "resolved": "https://registry.npmjs.org/selector-set/-/selector-set-1.1.5.tgz",
      "integrity": "sha512-6SQw6yMew5iOZ8/cDHDEnJWRM4ot2mxP6szZyF5ptrBogw4AcS4EXRj/8BUfgAMwVfdL84qpModlBMOl2NVrsQ=="
    },
    "node_modules/zstddec": {
      "version": "0.0.2",
      "resolved": "https://registry.npmjs.org/zstddec/-/zstddec-0.0.2.tgz",
      "integrity": "sha512-DCo0oxvcvOTGP/f5FA6tz2Z6wF+FIcEApSTu0zV5sQgn9hoT5lZ9YRAKUraxt9oP7l4e8TnNdi8IZTCX6WCkwA=="
    }
  },
  "dependencies": {
    "@unseenco/e": {
      "version": "2.3.0",
      "resolved": "https://registry.npmjs.org/@unseenco/e/-/e-2.3.0.tgz",
      "integrity": "sha512-CAhlhyQ690oa67JnbXg8uFaRXGkZB6vtAclyBcwI8WwliNDCaRpY22k2sFX1ehcro0HMa6197K2rFYLkkdNqmA==",
      "requires": {
        "selector-set": "^1.1.5"
      }
    },
    "gsap": {
      "version": "3.11.5",
      "resolved": "https://registry.npmjs.org/gsap/-/gsap-3.11.5.tgz",
      "integrity": "sha512-Q89nKCLgoX5xUjznh9LcaIUkz54k1voNucT1Rpf9SJNFIQznBwFqt5qUUQbeVInFyN/n18OUJkpeI6CNEDt74w=="
    },
    "selector-set": {
      "version": "1.1.5",
      "resolved": "https://registry.npmjs.org/selector-set/-/selector-set-1.1.5.tgz",
      "integrity": "sha512-6SQw6yMew5iOZ8/cDHDEnJWRM4ot2mxP6szZyF5ptrBogw4AcS4EXRj/8BUfgAMwVfdL84qpModlBMOl2NVrsQ=="
    },
    "zstddec": {
      "version": "0.0.2",
      "resolved": "https://registry.npmjs.org/zstddec/-/zstddec-0.0.2.tgz",
      "integrity": "sha512-DCo0oxvcvOTGP/f5FA6tz2Z6wF+FIcEApSTu0zV5sQgn9hoT5lZ9YRAKUraxt9oP7l4e8TnNdi8IZTCX6WCkwA=="
    }
  }
}
